{"1.2.0",
[{<<"cf">>,{pkg,<<"cf">>,<<"0.3.1">>},2},
 {<<"coldstrap">>,
  {git,"https://github.com/choptastic/coldstrap.git",
       {ref,"0d1a3f61d79625bc998b822ee480f4396897ada5"}},
  0},
 {<<"cowboy">>,
  {git,"https://github.com/ninenines/cowboy",
       {ref,"63b17e4edf666d995ec86cdcda17a62ba5ebc423"}},
  0},
 {<<"cowlib">>,
  {git,"https://github.com/ninenines/cowlib",
       {ref,"c6553f8308a2ca5dcd69d845f0a7d098c40c3363"}},
  1},
 {<<"erlias">>,
  {git,"https://github.com/choptastic/erlias",
       {ref,"750af26112c6b0fa1da644f0e8239a38a4d6ae9f"}},
  1},
 {<<"erlware_commons">>,{pkg,<<"erlware_commons">>,<<"1.5.0">>},1},
 {<<"fs">>,{pkg,<<"fs">>,<<"6.1.1">>},1},
 {<<"gen_smtpc">>,
  {git,"https://github.com/OtpChatBot/gen_smtpc.git",
       {ref,"f36c2b904be30a94f1b7392b0ef05a8c999e6f4c"}},
  0},
 {<<"gettexter">>,
  {git,"https://github.com/seriyps/gettexter.git",
       {ref,"e951cdade2268d395d34dc7284788df920b06619"}},
  0},
 {<<"goldrush">>,{pkg,<<"goldrush">>,<<"0.1.9">>},1},
 {<<"lager">>,
  {git,"https://github.com/erlang-lager/lager.git",
       {ref,"c5447d2d85a0d446d41a79bffe0a6a66bd50c901"}},
  0},
 {<<"nitro_cache">>,
  {git,"https://github.com/nitrogen/nitro_cache",
       {ref,"c92d1328acbd0a1ace6b6e85f2d9760e92ffda9a"}},
  1},
 {<<"nitrogen_core">>,
  {git,"https://github.com/nitrogen/nitrogen_core",
       {ref,"389d720b411611743544b6379f08e65785c7d37e"}},
  0},
 {<<"nprocreg">>,
  {git,"https://github.com/nitrogen/nprocreg",
       {ref,"646e0bbf9ed57804ca98079a4170be902b6d3b49"}},
  0},
 {<<"qdate">>,
  {git,"https://github.com/choptastic/qdate",
       {ref,"357b5844ebe6ec5c88b97bbdd1f50f269d75c3f1"}},
  0},
 {<<"qdate_localtime">>,{pkg,<<"qdate_localtime">>,<<"1.1.0">>},1},
 {<<"ranch">>,
  {git,"https://github.com/ninenines/ranch",
       {ref,"3190aef88aea04d6dce8545fe9b4574288903f44"}},
  1},
 {<<"rekt">>,{pkg,<<"rekt">>,<<"0.1.0">>},1},
 {<<"simple_bridge">>,
  {git,"https://github.com/nitrogen/simple_bridge",
       {ref,"f52c75c0cf3638905e83263bbe0fc588480a49f0"}},
  0},
 {<<"simple_cache">>,
  {git,"https://github.com/nitrogen/simple_cache",
       {ref,"5c73a869045d43aad1ff887699e0130bbc5639c6"}},
  0},
 {<<"stacktrace_compat">>,
  {git,"https://github.com/g-andrade/stacktrace_compat",
       {ref,"fe6238499a216f6f94836be9ec0b3956ea5c6101"}},
  1},
 {<<"sync">>,
  {git,"https://github.com/rustyio/sync",
       {ref,"3f0049e809ffe303ae2cd395217a025ce6e758ae"}},
  0}]}.
[
{pkg_hash,[
 {<<"cf">>, <<"5CB902239476E141EA70A740340233782D363A31EEA8AD37049561542E6CD641">>},
 {<<"erlware_commons">>, <<"918C56D8FB3BE52AF0DF138ED6E0755E764AD4467CD7D025761F7D0A17D3DEC1">>},
 {<<"fs">>, <<"9D147B944D60CFA48A349F12D06C8EE71128F610C90870BDF9A6773206452ED0">>},
 {<<"goldrush">>, <<"F06E5D5F1277DA5C413E84D5A2924174182FB108DABB39D5EC548B27424CD106">>},
 {<<"qdate_localtime">>, <<"5F6C3ACF10ECC5A7E2EFA3DCD2C863102B962188DBD9E086EC01D29FE029DA29">>},
 {<<"rekt">>, <<"00974FD28C4532017332769CE48C57F62FD7A61EA61EFFD862A920898CA7228E">>}]},
{pkg_hash_ext,[
 {<<"cf">>, <<"315E8D447D3A4B02BCDBFA397AD03BBB988A6E0AA6F44D3ADD0F4E3C3BF97672">>},
 {<<"erlware_commons">>, <<"3E7C6FB2BA4C29B0DD5DFE9D031B66449E2088ECEC1A81465BD9FDE05ED7D0DB">>},
 {<<"fs">>, <<"EF94E95FFE79916860649FED80AC62B04C322B0BB70F5128144C026B4D171F8B">>},
 {<<"goldrush">>, <<"99CB4128CFFCB3227581E5D4D803D5413FA643F4EB96523F77D9E6937D994CEB">>},
 {<<"qdate_localtime">>, <<"91928E066DA6BCC745FF18B7C368347457CAF9250AD00950E9DA18E129D49EC5">>},
 {<<"rekt">>, <<"E9FF5EF2D465A1839DA2E8C0F51B3FF609B29713A9091385C8724902B4E3EC5F">>}]}
].
