{"1.2.0",
[{<<"canister">>,{pkg,<<"canister">>,<<"0.1.3">>},1},
 {<<"cf">>,{pkg,<<"cf">>,<<"0.3.1">>},2},
 {<<"coldstrap">>,
  {git,"https://github.com/choptastic/coldstrap.git",
       {ref,"70b0d4e58d7b76ed664b6a4233afb92556c5b1e5"}},
  0},
 {<<"cowboy">>,
  {git,"https://github.com/ninenines/cowboy",
       {ref,"3ea8395eb8f53a57acb5d3c00b99c70296e7cdbd"}},
  0},
 {<<"cowlib">>,
  {git,"https://github.com/ninenines/cowlib",
       {ref,"1eb7f4293a652adcfe43b1835d22c58d8def839f"}},
  1},
 {<<"erlang_ds">>,{pkg,<<"erlang_ds">>,<<"0.4.2">>},1},
 {<<"erlias">>,
  {git,"https://github.com/choptastic/erlias",
       {ref,"b76758032e6db3dd246dddd033b40f3dda1e2491"}},
  1},
 {<<"erlware_commons">>,{pkg,<<"erlware_commons">>,<<"1.6.0">>},1},
 {<<"fs">>,{pkg,<<"fs">>,<<"6.1.1">>},1},
 {<<"gen_smtpc">>,
  {git,"https://github.com/OtpChatBot/gen_smtpc.git",
       {ref,"f36c2b904be30a94f1b7392b0ef05a8c999e6f4c"}},
  0},
 {<<"goldrush">>,{pkg,<<"goldrush">>,<<"0.1.9">>},1},
 {<<"lager">>,
  {git,"https://github.com/erlang-lager/lager.git",
       {ref,"459a3b2cdd9eadd29e5a7ce5c43932f5ccd6eb88"}},
  0},
 {<<"meck">>,{pkg,<<"meck">>,<<"0.9.2">>},2},
 {<<"mutagen">>,{pkg,<<"mutagen">>,<<"0.1.0">>},2},
 {<<"nitro_cache">>,{pkg,<<"nitro_cache">>,<<"0.5.0">>},1},
 {<<"nitro_qrcode">>,{pkg,<<"nitro_qrcode">>,<<"1.1.0">>},1},
 {<<"nitrogen_core">>,
  {git,"https://github.com/nitrogen/nitrogen_core",
       {ref,"e6acf88838f988d3c3c7a17cb2b6003d2d7a76ac"}},
  0},
 {<<"nprocreg">>,
  {git,"https://github.com/nitrogen/nprocreg",
       {ref,"646e0bbf9ed57804ca98079a4170be902b6d3b49"}},
  0},
 {<<"qdate">>,
  {git,"https://github.com/choptastic/qdate",
       {ref,"9d0fb6d8955b6bc12745a4b136bfe9d718fff086"}},
  0},
 {<<"qdate_localtime">>,{pkg,<<"qdate_localtime">>,<<"1.2.1">>},1},
 {<<"ranch">>,
  {git,"https://github.com/ninenines/ranch",
       {ref,"a692f44567034dacf5efcaa24a24183788594eb7"}},
  1},
 {<<"rebar3_dirs">>,{pkg,<<"rebar3_dirs">>,<<"0.1.0">>},2},
 {<<"rekt">>,{pkg,<<"rekt">>,<<"0.1.0">>},1},
 {<<"simple_bridge">>,
  {git,"https://github.com/nitrogen/simple_bridge",
       {ref,"c806faad5b38b9679f811e75e794f3dc68ff7d40"}},
  0},
 {<<"simple_cache">>,
  {git,"https://github.com/nitrogen/simple_cache",
       {ref,"5c73a869045d43aad1ff887699e0130bbc5639c6"}},
  0},
 {<<"sync">>,
  {git,"https://github.com/rustyio/sync",
       {ref,"4e5db2bbdfd167bbe2af9112484b79b8c8e025a2"}},
  0}]}.
[
{pkg_hash,[
 {<<"canister">>, <<"A7DDFEE2B0BB455691CC34143E82A68D941BB8F9D18B87F4F54BE0AAE4FBD554">>},
 {<<"cf">>, <<"5CB902239476E141EA70A740340233782D363A31EEA8AD37049561542E6CD641">>},
 {<<"erlang_ds">>, <<"CC092CB01BAC81AF1F4EAC38160C960BB96CC291BF6510EB1E606220612032FF">>},
 {<<"erlware_commons">>, <<"E0DA62F91E65DEFAE28BB450DDC3C24E85ECB99B926F857CDC6ED8E7DD7076B4">>},
 {<<"fs">>, <<"9D147B944D60CFA48A349F12D06C8EE71128F610C90870BDF9A6773206452ED0">>},
 {<<"goldrush">>, <<"F06E5D5F1277DA5C413E84D5A2924174182FB108DABB39D5EC548B27424CD106">>},
 {<<"meck">>, <<"85CCBAB053F1DB86C7CA240E9FC718170EE5BDA03810A6292B5306BF31BAE5F5">>},
 {<<"mutagen">>, <<"18EFF9F0E6C570F278ABFC6255D4674D0FD3F9A84D3749BE60F473F4124A9055">>},
 {<<"nitro_cache">>, <<"704E4893B4EB537342C561908BE8EB022E8AAABB16A914B702568F7958EC2945">>},
 {<<"nitro_qrcode">>, <<"F424A2C71C0A1A471B5669516A3E9E823E3F27E4468D4A9F89C18D9DA42E1622">>},
 {<<"qdate_localtime">>, <<"72E1034DC6B7FEE8F588281EDDD0BD0DC5260005D758052F50634D265D382C18">>},
 {<<"rebar3_dirs">>, <<"2CE245B69309A43FCFCC902B739F678257F1AB7A78BD6CFA923BB652C316D879">>},
 {<<"rekt">>, <<"00974FD28C4532017332769CE48C57F62FD7A61EA61EFFD862A920898CA7228E">>}]},
{pkg_hash_ext,[
 {<<"canister">>, <<"59A7F43E0605967199DDD01BBD29D6444FB137C22E1FFC1AE4A48786A2D15335">>},
 {<<"cf">>, <<"315E8D447D3A4B02BCDBFA397AD03BBB988A6E0AA6F44D3ADD0F4E3C3BF97672">>},
 {<<"erlang_ds">>, <<"021C1D9526FFA9661EA18A98B04283A04D2C91EB7339E3E228DFCADFDFE8D764">>},
 {<<"erlware_commons">>, <<"B57C299C39A2992A8C413F9D2C1B8A20061310FB4432B0EEE5E4C4DF7AAA0AA3">>},
 {<<"fs">>, <<"EF94E95FFE79916860649FED80AC62B04C322B0BB70F5128144C026B4D171F8B">>},
 {<<"goldrush">>, <<"99CB4128CFFCB3227581E5D4D803D5413FA643F4EB96523F77D9E6937D994CEB">>},
 {<<"meck">>, <<"81344F561357DC40A8344AFA53767C32669153355B626EA9FCBC8DA6B3045826">>},
 {<<"mutagen">>, <<"59F25DF87A6F99B605A96F2338983631A8186B5B28988739D6B880C2D86DF72E">>},
 {<<"nitro_cache">>, <<"9AC03DFEA58CC9C6B329A6E42B3A64663D2A23D1B8E227B557E0CE1EDF872E7F">>},
 {<<"nitro_qrcode">>, <<"A74A54CE129E2EAC6E00864865C5122E5B75FEF30C9F916C7772F1AA22436C59">>},
 {<<"qdate_localtime">>, <<"1109958D205C65C595C8C5694CB83EBAF2DBE770CF902E4DCE8AFB2C4123764D">>},
 {<<"rebar3_dirs">>, <<"1B9FFAC770AF4CF77945ED4DAD22FF30BD999514765B5CCA11C7E5580CDB6720">>},
 {<<"rekt">>, <<"E9FF5EF2D465A1839DA2E8C0F51B3FF609B29713A9091385C8724902B4E3EC5F">>}]}
].
